
Microsoft Visual Studio Solution File, Format Version 12.00
# Visual Studio Version 17
VisualStudioVersion = 17.2.32526.322
MinimumVisualStudioVersion = 10.0.40219.1
Project("{FAE04EC0-301F-11D3-BF4B-00C04F79EFBC}") = "MakeMake", "MakeMake\MakeMake.csproj", "{1AE2C11A-505C-4193-89A6-F87929763666}"
EndProject
Global
	GlobalSection(SolutionConfigurationPlatforms) = preSolution
		Debug|Any CPU = Debug|Any CPU
		Release|Any CPU = Release|Any CPU
	EndGlobalSection
	GlobalSection(ProjectConfigurationPlatforms) = postSolution
		{1AE2C11A-505C-4193-89A6-F87929763666}.Debug|Any CPU.ActiveCfg = Debug|Any CPU
		{1AE2C11A-505C-4193-89A6-F87929763666}.Debug|Any CPU.Build.0 = Debug|Any CPU
		{1AE2C11A-505C-4193-89A6-F87929763666}.Release|Any CPU.ActiveCfg = Release|Any CPU
		{1AE2C11A-505C-4193-89A6-F87929763666}.Release|Any CPU.Build.0 = Release|Any CPU
	EndGlobalSection
	GlobalSection(SolutionProperties) = preSolution
		HideSolutionNode = FALSE
	EndGlobalSection
	GlobalSection(ExtensibilityGlobals) = postSolution
		SolutionGuid = {9CB47CBC-8130-401F-B180-AA8C7A6DC031}
	EndGlobalSection
EndGlobal
